
Microsoft Visual Studio Solution File, Format Version 12.00
# Visual Studio Version 16
VisualStudioVersion = 16.0.31515.178
MinimumVisualStudioVersion = 10.0.40219.1
Project("{FAE04EC0-301F-11D3-BF4B-00C04F79EFBC}") = "NominaEmpleados", "NominaEmpleados\NominaEmpleados.csproj", "{103906BC-20AE-483B-804B-0DF1C61DAF25}"
EndProject
Global
	GlobalSection(SolutionConfigurationPlatforms) = preSolution
		Debug|Any CPU = Debug|Any CPU
		Release|Any CPU = Release|Any CPU
	EndGlobalSection
	GlobalSection(ProjectConfigurationPlatforms) = postSolution
		{103906BC-20AE-483B-804B-0DF1C61DAF25}.Debug|Any CPU.ActiveCfg = Debug|Any CPU
		{103906BC-20AE-483B-804B-0DF1C61DAF25}.Debug|Any CPU.Build.0 = Debug|Any CPU
		{103906BC-20AE-483B-804B-0DF1C61DAF25}.Release|Any CPU.ActiveCfg = Release|Any CPU
		{103906BC-20AE-483B-804B-0DF1C61DAF25}.Release|Any CPU.Build.0 = Release|Any CPU
	EndGlobalSection
	GlobalSection(SolutionProperties) = preSolution
		HideSolutionNode = FALSE
	EndGlobalSection
	GlobalSection(ExtensibilityGlobals) = postSolution
		SolutionGuid = {BFDA10FE-56E8-4679-A37E-DA2A8AA2FEB5}
	EndGlobalSection
EndGlobal
